
Microsoft Visual Studio Solution File, Format Version 12.00
# Visual Studio 15
VisualStudioVersion = 15.0.27703.2035
MinimumVisualStudioVersion = 10.0.40219.1
Project("{FAE04EC0-301F-11D3-BF4B-00C04F79EFBC}") = "DesafioEstados", "DesafioEstados\DesafioEstados.csproj", "{9CA4AAD8-75C5-4262-87F2-2E6E3C55BD07}"
EndProject
Global
	GlobalSection(SolutionConfigurationPlatforms) = preSolution
		Debug|Any CPU = Debug|Any CPU
		Release|Any CPU = Release|Any CPU
	EndGlobalSection
	GlobalSection(ProjectConfigurationPlatforms) = postSolution
		{9CA4AAD8-75C5-4262-87F2-2E6E3C55BD07}.Debug|Any CPU.ActiveCfg = Debug|Any CPU
		{9CA4AAD8-75C5-4262-87F2-2E6E3C55BD07}.Debug|Any CPU.Build.0 = Debug|Any CPU
		{9CA4AAD8-75C5-4262-87F2-2E6E3C55BD07}.Release|Any CPU.ActiveCfg = Release|Any CPU
		{9CA4AAD8-75C5-4262-87F2-2E6E3C55BD07}.Release|Any CPU.Build.0 = Release|Any CPU
	EndGlobalSection
	GlobalSection(SolutionProperties) = preSolution
		HideSolutionNode = FALSE
	EndGlobalSection
	GlobalSection(ExtensibilityGlobals) = postSolution
		SolutionGuid = {239D42B2-A044-4485-8061-73D6E4A517AF}
	EndGlobalSection
EndGlobal
